github.com/creack/pty v1.8.0 h1:OejKsqx2i3XqJ4by4WkeIajvh+xK4YJ5pVUQaXnn1CU=
github.com/creack/pty v1.8.0/go.mod h1:jK7M+RwlsbCKXmONeUkvVtMwCwTR7a17Q2ZtXnUecBM=
github.com/golang-jwt/jwt v3.2.2+incompatible h1:7qlOGliEz7RmKCPWawPshs+8cbqJz7ZGwSkT9OPGnY=
github.com/golang-jwt/jwt v3.2.2+incompatible/go.mod h1:8pz2t5EyA70fFQQSrl6XZXzqecmYZeUEB8OUGHkxJ+I=
github.com/golang-jwt/jwt/v5 v5.2.1 h1:KMGvhYTKzJxSM9pcP6bWvhzBX4IjnBn6yB0zH+o+jsY=
github.com/golang-jwt/jwt/v5 v5.2.1/go.mod h1:pqrtFR0X4osieyHYxtmOUWsAWrfe1Q5UVIyoH402zdk=
github.com/gorilla/mux v1.8.1 h1:TuBL49tXwgrFYWhqrNgrUNEY92u81SPhu7sTdzQEiWY=
github.com/gorilla/mux v1.8.1/go.mod h1:AKf9I4AEqPTmMytcMc0KkNouC66V3BtZ4qD5fmWSiMQ=
github.com/kr/pty v1.7.1 h1:KXm7p1pXQc2j7fP2V7sLHmKlL1pLlXcM2n+eKZpZ5A=
github.com/kr/pty v1.7.1/go.mod h1:yANqkuDNK/3IPVHn1sHdQXx7YRDEyK6Qe4xhVf6sCA=
github.com/mattn/go-isatty v0.0.20 h1:JITubQfMOLLDpOuu1Hh8bMTwsEBqJaKrHv2w7MfnWck=
github.com/mattn/go-isatty v0.0.20/go.mod h1:W+V8PltTTMOvKvAeJH7IuucS94S2C6jfK/D7dTCTo3Y=
github.com/pkg/errors v0.9.1 h1:FEBLx1zSLLrfPk8tYE1R0Y3AZQT0OKqBcYD6gIzWQy4=
github.com/pkg/errors v0.9.1/go.mod h1:bwawxfHBFNV+L2hUp1rHADufV3IMtnDRdf1r5NINEl0=
golang.org/x/sys v0.21.0 h1:/CVMbEemr3YyK5ZzUWkfoO5jeKfKJbTpgbqpapUgW0=
golang.org/x/sys v0.21.0/go.mod h1:/VUhepiaJMQUp4+oa/7Zr1D23ma6VTLIYjOOTFZPUcA=
